
Microsoft Visual Studio Solution File, Format Version 12.00
# Visual Studio Version 16
VisualStudioVersion = 16.0.30406.217
MinimumVisualStudioVersion = 10.0.40219.1
Project("{8BC9CEB8-8B4A-11D0-8D11-00A0C91BC942}") = "C - Server", "C - Server\C - Server.vcxproj", "{2E1D6BF2-5F1D-4F17-A6E4-60C454982B4C}"
EndProject
Project("{8BC9CEB8-8B4A-11D0-8D11-00A0C91BC942}") = "C - Client", "C - Client\C - Client.vcxproj", "{AFE59FE9-DDE4-4F3E-8804-633CBA61032A}"
EndProject
Project("{888888A0-9F3D-457C-B088-3A5042F75D52}") = "Python - Server", "Python - Server\Python - Server.pyproj", "{7C5EF503-9115-4589-84A5-ADB1442F42A1}"
EndProject
Project("{888888A0-9F3D-457C-B088-3A5042F75D52}") = "Python - Client", "Python - Client\Python - Client.pyproj", "{1B4C1728-A246-48AD-8DF7-912080873CFC}"
EndProject
Project("{9A19103F-16F7-4668-BE54-9A1E7A4F7556}") = "CSharp - Server", "CSharp - Server\CSharp - Server.csproj", "{08D520A9-252C-468C-9B6B-046436FF66CC}"
EndProject
Project("{9A19103F-16F7-4668-BE54-9A1E7A4F7556}") = "CSharp - Client1", "CSharp - Client1\CSharp - Client1.csproj", "{60173250-A598-40F6-95A0-AE9FEAEA74D2}"
EndProject
Project("{9A19103F-16F7-4668-BE54-9A1E7A4F7556}") = "CSharp - Client2", "CSharp - Client2\CSharp - Client2.csproj", "{1A706138-E3E1-4887-A61B-8D8A02D6AEBF}"
EndProject
Project("{FAE04EC0-301F-11D3-BF4B-00C04F79EFBC}") = "Translate", "Translate\Translate.csproj", "{72730913-D30B-4F4A-96F4-6BB2B61D459C}"
EndProject
Global
	GlobalSection(SolutionConfigurationPlatforms) = preSolution
		Debug|Any CPU = Debug|Any CPU
		Debug|x64 = Debug|x64
		Debug|x86 = Debug|x86
		Release|Any CPU = Release|Any CPU
		Release|x64 = Release|x64
		Release|x86 = Release|x86
	EndGlobalSection
	GlobalSection(ProjectConfigurationPlatforms) = postSolution
		{2E1D6BF2-5F1D-4F17-A6E4-60C454982B4C}.Debug|Any CPU.ActiveCfg = Debug|Win32
		{2E1D6BF2-5F1D-4F17-A6E4-60C454982B4C}.Debug|x64.ActiveCfg = Debug|x64
		{2E1D6BF2-5F1D-4F17-A6E4-60C454982B4C}.Debug|x64.Build.0 = Debug|x64
		{2E1D6BF2-5F1D-4F17-A6E4-60C454982B4C}.Debug|x86.ActiveCfg = Debug|Win32
		{2E1D6BF2-5F1D-4F17-A6E4-60C454982B4C}.Debug|x86.Build.0 = Debug|Win32
		{2E1D6BF2-5F1D-4F17-A6E4-60C454982B4C}.Release|Any CPU.ActiveCfg = Release|Win32
		{2E1D6BF2-5F1D-4F17-A6E4-60C454982B4C}.Release|x64.ActiveCfg = Release|x64
		{2E1D6BF2-5F1D-4F17-A6E4-60C454982B4C}.Release|x64.Build.0 = Release|x64
		{2E1D6BF2-5F1D-4F17-A6E4-60C454982B4C}.Release|x86.ActiveCfg = Release|Win32
		{2E1D6BF2-5F1D-4F17-A6E4-60C454982B4C}.Release|x86.Build.0 = Release|Win32
		{AFE59FE9-DDE4-4F3E-8804-633CBA61032A}.Debug|Any CPU.ActiveCfg = Debug|Win32
		{AFE59FE9-DDE4-4F3E-8804-633CBA61032A}.Debug|x64.ActiveCfg = Debug|x64
		{AFE59FE9-DDE4-4F3E-8804-633CBA61032A}.Debug|x64.Build.0 = Debug|x64
		{AFE59FE9-DDE4-4F3E-8804-633CBA61032A}.Debug|x86.ActiveCfg = Debug|Win32
		{AFE59FE9-DDE4-4F3E-8804-633CBA61032A}.Debug|x86.Build.0 = Debug|Win32
		{AFE59FE9-DDE4-4F3E-8804-633CBA61032A}.Release|Any CPU.ActiveCfg = Release|Win32
		{AFE59FE9-DDE4-4F3E-8804-633CBA61032A}.Release|x64.ActiveCfg = Release|x64
		{AFE59FE9-DDE4-4F3E-8804-633CBA61032A}.Release|x64.Build.0 = Release|x64
		{AFE59FE9-DDE4-4F3E-8804-633CBA61032A}.Release|x86.ActiveCfg = Release|Win32
		{AFE59FE9-DDE4-4F3E-8804-633CBA61032A}.Release|x86.Build.0 = Release|Win32
		{7C5EF503-9115-4589-84A5-ADB1442F42A1}.Debug|Any CPU.ActiveCfg = Debug|Any CPU
		{7C5EF503-9115-4589-84A5-ADB1442F42A1}.Debug|x64.ActiveCfg = Debug|Any CPU
		{7C5EF503-9115-4589-84A5-ADB1442F42A1}.Debug|x86.ActiveCfg = Debug|Any CPU
		{7C5EF503-9115-4589-84A5-ADB1442F42A1}.Release|Any CPU.ActiveCfg = Release|Any CPU
		{7C5EF503-9115-4589-84A5-ADB1442F42A1}.Release|x64.ActiveCfg = Release|Any CPU
		{7C5EF503-9115-4589-84A5-ADB1442F42A1}.Release|x86.ActiveCfg = Release|Any CPU
		{1B4C1728-A246-48AD-8DF7-912080873CFC}.Debug|Any CPU.ActiveCfg = Debug|Any CPU
		{1B4C1728-A246-48AD-8DF7-912080873CFC}.Debug|x64.ActiveCfg = Debug|Any CPU
		{1B4C1728-A246-48AD-8DF7-912080873CFC}.Debug|x86.ActiveCfg = Debug|Any CPU
		{1B4C1728-A246-48AD-8DF7-912080873CFC}.Release|Any CPU.ActiveCfg = Release|Any CPU
		{1B4C1728-A246-48AD-8DF7-912080873CFC}.Release|x64.ActiveCfg = Release|Any CPU
		{1B4C1728-A246-48AD-8DF7-912080873CFC}.Release|x86.ActiveCfg = Release|Any CPU
		{08D520A9-252C-468C-9B6B-046436FF66CC}.Debug|Any CPU.ActiveCfg = Debug|Any CPU
		{08D520A9-252C-468C-9B6B-046436FF66CC}.Debug|Any CPU.Build.0 = Debug|Any CPU
		{08D520A9-252C-468C-9B6B-046436FF66CC}.Debug|x64.ActiveCfg = Debug|Any CPU
		{08D520A9-252C-468C-9B6B-046436FF66CC}.Debug|x64.Build.0 = Debug|Any CPU
		{08D520A9-252C-468C-9B6B-046436FF66CC}.Debug|x86.ActiveCfg = Debug|Any CPU
		{08D520A9-252C-468C-9B6B-046436FF66CC}.Debug|x86.Build.0 = Debug|Any CPU
		{08D520A9-252C-468C-9B6B-046436FF66CC}.Release|Any CPU.ActiveCfg = Release|Any CPU
		{08D520A9-252C-468C-9B6B-046436FF66CC}.Release|Any CPU.Build.0 = Release|Any CPU
		{08D520A9-252C-468C-9B6B-046436FF66CC}.Release|x64.ActiveCfg = Release|Any CPU
		{08D520A9-252C-468C-9B6B-046436FF66CC}.Release|x64.Build.0 = Release|Any CPU
		{08D520A9-252C-468C-9B6B-046436FF66CC}.Release|x86.ActiveCfg = Release|Any CPU
		{08D520A9-252C-468C-9B6B-046436FF66CC}.Release|x86.Build.0 = Release|Any CPU
		{60173250-A598-40F6-95A0-AE9FEAEA74D2}.Debug|Any CPU.ActiveCfg = Debug|Any CPU
		{60173250-A598-40F6-95A0-AE9FEAEA74D2}.Debug|Any CPU.Build.0 = Debug|Any CPU
		{60173250-A598-40F6-95A0-AE9FEAEA74D2}.Debug|x64.ActiveCfg = Debug|Any CPU
		{60173250-A598-40F6-95A0-AE9FEAEA74D2}.Debug|x64.Build.0 = Debug|Any CPU
		{60173250-A598-40F6-95A0-AE9FEAEA74D2}.Debug|x86.ActiveCfg = Debug|Any CPU
		{60173250-A598-40F6-95A0-AE9FEAEA74D2}.Debug|x86.Build.0 = Debug|Any CPU
		{60173250-A598-40F6-95A0-AE9FEAEA74D2}.Release|Any CPU.ActiveCfg = Release|Any CPU
		{60173250-A598-40F6-95A0-AE9FEAEA74D2}.Release|Any CPU.Build.0 = Release|Any CPU
		{60173250-A598-40F6-95A0-AE9FEAEA74D2}.Release|x64.ActiveCfg = Release|Any CPU
		{60173250-A598-40F6-95A0-AE9FEAEA74D2}.Release|x64.Build.0 = Release|Any CPU
		{60173250-A598-40F6-95A0-AE9FEAEA74D2}.Release|x86.ActiveCfg = Release|Any CPU
		{60173250-A598-40F6-95A0-AE9FEAEA74D2}.Release|x86.Build.0 = Release|Any CPU
		{1A706138-E3E1-4887-A61B-8D8A02D6AEBF}.Debug|Any CPU.ActiveCfg = Debug|Any CPU
		{1A706138-E3E1-4887-A61B-8D8A02D6AEBF}.Debug|Any CPU.Build.0 = Debug|Any CPU
		{1A706138-E3E1-4887-A61B-8D8A02D6AEBF}.Debug|x64.ActiveCfg = Debug|Any CPU
		{1A706138-E3E1-4887-A61B-8D8A02D6AEBF}.Debug|x64.Build.0 = Debug|Any CPU
		{1A706138-E3E1-4887-A61B-8D8A02D6AEBF}.Debug|x86.ActiveCfg = Debug|Any CPU
		{1A706138-E3E1-4887-A61B-8D8A02D6AEBF}.Debug|x86.Build.0 = Debug|Any CPU
		{1A706138-E3E1-4887-A61B-8D8A02D6AEBF}.Release|Any CPU.ActiveCfg = Release|Any CPU
		{1A706138-E3E1-4887-A61B-8D8A02D6AEBF}.Release|Any CPU.Build.0 = Release|Any CPU
		{1A706138-E3E1-4887-A61B-8D8A02D6AEBF}.Release|x64.ActiveCfg = Release|Any CPU
		{1A706138-E3E1-4887-A61B-8D8A02D6AEBF}.Release|x64.Build.0 = Release|Any CPU
		{1A706138-E3E1-4887-A61B-8D8A02D6AEBF}.Release|x86.ActiveCfg = Release|Any CPU
		{1A706138-E3E1-4887-A61B-8D8A02D6AEBF}.Release|x86.Build.0 = Release|Any CPU
		{72730913-D30B-4F4A-96F4-6BB2B61D459C}.Debug|Any CPU.ActiveCfg = Debug|Any CPU
		{72730913-D30B-4F4A-96F4-6BB2B61D459C}.Debug|Any CPU.Build.0 = Debug|Any CPU
		{72730913-D30B-4F4A-96F4-6BB2B61D459C}.Debug|x64.ActiveCfg = Debug|Any CPU
		{72730913-D30B-4F4A-96F4-6BB2B61D459C}.Debug|x64.Build.0 = Debug|Any CPU
		{72730913-D30B-4F4A-96F4-6BB2B61D459C}.Debug|x86.ActiveCfg = Debug|Any CPU
		{72730913-D30B-4F4A-96F4-6BB2B61D459C}.Debug|x86.Build.0 = Debug|Any CPU
		{72730913-D30B-4F4A-96F4-6BB2B61D459C}.Release|Any CPU.ActiveCfg = Release|Any CPU
		{72730913-D30B-4F4A-96F4-6BB2B61D459C}.Release|Any CPU.Build.0 = Release|Any CPU
		{72730913-D30B-4F4A-96F4-6BB2B61D459C}.Release|x64.ActiveCfg = Release|Any CPU
		{72730913-D30B-4F4A-96F4-6BB2B61D459C}.Release|x64.Build.0 = Release|Any CPU
		{72730913-D30B-4F4A-96F4-6BB2B61D459C}.Release|x86.ActiveCfg = Release|Any CPU
		{72730913-D30B-4F4A-96F4-6BB2B61D459C}.Release|x86.Build.0 = Release|Any CPU
	EndGlobalSection
	GlobalSection(SolutionProperties) = preSolution
		HideSolutionNode = FALSE
	EndGlobalSection
	GlobalSection(ExtensibilityGlobals) = postSolution
		SolutionGuid = {386C969B-D082-4F2E-9952-57247F0686A0}
	EndGlobalSection
EndGlobal
